<?xml version="1.0" encoding="utf-8"?>
<Project ToolsVersion="4.0" xmlns="http://schemas.microsoft.com/developer/msbuild/2003">
  <ItemGroup>
    <Filter Include="소스 파일">
      <UniqueIdentifier>{4FC737F1-C7A5-4376-A066-2A32D752A2FF}</UniqueIdentifier>
      <Extensions>cpp;c;cc;cxx;def;odl;idl;hpj;bat;asm;asmx</Extensions>
    </Filter>
    <Filter Include="헤더 파일">
      <UniqueIdentifier>{93995380-89BD-4b04-88EB-625FBE52EBFB}</UniqueIdentifier>
      <Extensions>h;hh;hpp;hxx;hm;inl;inc;ipp;xsd</Extensions>
    </Filter>
    <Filter Include="리소스 파일">
      <UniqueIdentifier>{67DA6AB6-F800-4c08-8B7A-83BB121AAD01}</UniqueIdentifier>
      <Extensions>rc;ico;cur;bmp;dlg;rc2;rct;bin;rgs;gif;jpg;jpeg;jpe;resx;tiff;tif;png;wav;mfcribbon-ms</Extensions>
    </Filter>
    <Filter Include="소스 파일\GameStructure">
      <UniqueIdentifier>{c6a83c25-a8d7-4088-8c78-70feef66a4a4}</UniqueIdentifier>
    </Filter>
    <Filter Include="헤더 파일\GameStructure">
      <UniqueIdentifier>{b4f2bef7-804c-48f8-835b-b4912f8076d0}</UniqueIdentifier>
    </Filter>
    <Filter Include="소스 파일\World">
      <UniqueIdentifier>{1ca56855-30ba-48df-925b-a235f767932b}</UniqueIdentifier>
    </Filter>
    <Filter Include="헤더 파일\World">
      <UniqueIdentifier>{588ec97b-d501-440a-b52e-07368a826644}</UniqueIdentifier>
    </Filter>
    <Filter Include="소스 파일\Render">
      <UniqueIdentifier>{7430d16b-42e7-4c10-af43-38845128283d}</UniqueIdentifier>
    </Filter>
    <Filter Include="헤더 파일\Render">
      <UniqueIdentifier>{7d7d64ec-087c-49df-a184-5652394c278b}</UniqueIdentifier>
    </Filter>
    <Filter Include="소스 파일\Menu">
      <UniqueIdentifier>{0a859f5d-fa3a-49c2-a105-cf9ac1552c32}</UniqueIdentifier>
    </Filter>
    <Filter Include="헤더 파일\Menu">
      <UniqueIdentifier>{6c1fb2ed-47df-4e86-a0d3-c165a68825c7}</UniqueIdentifier>
    </Filter>
    <Filter Include="헤더 파일\Util">
      <UniqueIdentifier>{b0747136-1560-4ed3-b7a0-4ac87a251b58}</UniqueIdentifier>
    </Filter>
    <Filter Include="소스 파일\Gui">
      <UniqueIdentifier>{7a62ee0e-da91-41a5-ad24-71c926a39d75}</UniqueIdentifier>
    </Filter>
    <Filter Include="헤더 파일\Gui">
      <UniqueIdentifier>{98adb460-da14-4b1f-8dbd-871e5c9e4a6b}</UniqueIdentifier>
    </Filter>
  </ItemGroup>
  <ItemGroup>
    <ClCompile Include="PowderGame.cpp">
      <Filter>소스 파일</Filter>
    </ClCompile>
    <ClCompile Include="Game.cpp">
      <Filter>소스 파일</Filter>
    </ClCompile>
    <ClCompile Include="World.cpp">
      <Filter>소스 파일\World</Filter>
    </ClCompile>
    <ClCompile Include="WorldRenderer.cpp">
      <Filter>소스 파일\Render</Filter>
    </ClCompile>
    <ClCompile Include="WorldEventHandler.cpp">
      <Filter>소스 파일\GameStructure</Filter>
    </ClCompile>
    <ClCompile Include="GuiComponent.cpp">
      <Filter>소스 파일\Gui</Filter>
    </ClCompile>
    <ClCompile Include="GuiComp_Button.cpp">
      <Filter>소스 파일\Gui</Filter>
    </ClCompile>
    <ClCompile Include="Gui.cpp">
      <Filter>소스 파일\Gui</Filter>
    </ClCompile>
    <ClCompile Include="Scene.cpp">
      <Filter>소스 파일\Menu</Filter>
    </ClCompile>
    <ClCompile Include="SceneEventHandler.cpp">
      <Filter>소스 파일\GameStructure</Filter>
    </ClCompile>
    <ClCompile Include="SceneRenderer.cpp">
      <Filter>소스 파일\Render</Filter>
    </ClCompile>
  </ItemGroup>
  <ItemGroup>
    <ClInclude Include="resource.h">
      <Filter>헤더 파일</Filter>
    </ClInclude>
    <ClInclude Include="Game.h">
      <Filter>헤더 파일</Filter>
    </ClInclude>
    <ClInclude Include="World.h">
      <Filter>헤더 파일\World</Filter>
    </ClInclude>
    <ClInclude Include="WorldRenderer.h">
      <Filter>헤더 파일\Render</Filter>
    </ClInclude>
    <ClInclude Include="WorldEventHandler.h">
      <Filter>헤더 파일\GameStructure</Filter>
    </ClInclude>
    <ClInclude Include="RenderStates.h">
      <Filter>헤더 파일\Render</Filter>
    </ClInclude>
    <ClInclude Include="Reference.h">
      <Filter>헤더 파일\Util</Filter>
    </ClInclude>
    <ClInclude Include="AABB.h">
      <Filter>헤더 파일\Util</Filter>
    </ClInclude>
    <ClInclude Include="EnumSides.h">
      <Filter>헤더 파일\Util</Filter>
    </ClInclude>
    <ClInclude Include="sfAABB.h">
      <Filter>헤더 파일\Util</Filter>
    </ClInclude>
    <ClInclude Include="GuiComponent.h">
      <Filter>헤더 파일\Gui</Filter>
    </ClInclude>
    <ClInclude Include="GuiComp_Button.h">
      <Filter>헤더 파일\Gui</Filter>
    </ClInclude>
    <ClInclude Include="EnumFonts.h">
      <Filter>헤더 파일\Util</Filter>
    </ClInclude>
    <ClInclude Include="Gui.h">
      <Filter>헤더 파일\Gui</Filter>
    </ClInclude>
    <ClInclude Include="EnumActionResult.h">
      <Filter>헤더 파일\Util</Filter>
    </ClInclude>
    <ClInclude Include="Scene.h">
      <Filter>헤더 파일\Menu</Filter>
    </ClInclude>
    <ClInclude Include="SceneEventHandler.h">
      <Filter>헤더 파일\GameStructure</Filter>
    </ClInclude>
    <ClInclude Include="SceneRenderer.h">
      <Filter>헤더 파일\Render</Filter>
    </ClInclude>
  </ItemGroup>
  <ItemGroup>
    <ResourceCompile Include="PowderGame.rc">
      <Filter>리소스 파일</Filter>
    </ResourceCompile>
  </ItemGroup>
</Project>