<?xml version="1.0" encoding="utf-8"?>
<Project ToolsVersion="4.0" xmlns="http://schemas.microsoft.com/developer/msbuild/2003">
  <ItemGroup>
    <Filter Include="소스 파일">
      <UniqueIdentifier>{4FC737F1-C7A5-4376-A066-2A32D752A2FF}</UniqueIdentifier>
      <Extensions>cpp;c;cc;cxx;def;odl;idl;hpj;bat;asm;asmx</Extensions>
    </Filter>
    <Filter Include="헤더 파일">
      <UniqueIdentifier>{93995380-89BD-4b04-88EB-625FBE52EBFB}</UniqueIdentifier>
      <Extensions>h;hh;hpp;hxx;hm;inl;inc;ipp;xsd</Extensions>
    </Filter>
    <Filter Include="리소스 파일">
      <UniqueIdentifier>{67DA6AB6-F800-4c08-8B7A-83BB121AAD01}</UniqueIdentifier>
      <Extensions>rc;ico;cur;bmp;dlg;rc2;rct;bin;rgs;gif;jpg;jpeg;jpe;resx;tiff;tif;png;wav;mfcribbon-ms</Extensions>
    </Filter>
  </ItemGroup>
  <ItemGroup>
    <ClCompile Include="src\ch\client\gui\gui_component\GuiComp.cpp">
      <Filter>소스 파일</Filter>
    </ClCompile>
    <ClCompile Include="src\ch\client\gui\gui_component\GuiComp_Background.cpp">
      <Filter>소스 파일</Filter>
    </ClCompile>
    <ClCompile Include="src\ch\client\gui\gui_component\GuiComp_Bar.cpp">
      <Filter>소스 파일</Filter>
    </ClCompile>
    <ClCompile Include="src\ch\client\gui\gui_component\GuiComp_Button.cpp">
      <Filter>소스 파일</Filter>
    </ClCompile>
    <ClCompile Include="src\ch\client\gui\gui_component\GuiComp_MoveBar.cpp">
      <Filter>소스 파일</Filter>
    </ClCompile>
    <ClCompile Include="src\ch\client\gui\gui_component\GuiComp_Text.cpp">
      <Filter>소스 파일</Filter>
    </ClCompile>
    <ClCompile Include="src\ch\client\gui\gui_component\GuiComp_Textbox.cpp">
      <Filter>소스 파일</Filter>
    </ClCompile>
    <ClCompile Include="src\ch\client\gui\guis\menu\Gui_scene_menu0_info.cpp">
      <Filter>소스 파일</Filter>
    </ClCompile>
    <ClCompile Include="src\ch\client\gui\guis\menu\Gui_scene_menu0_option.cpp">
      <Filter>소스 파일</Filter>
    </ClCompile>
    <ClCompile Include="src\ch\client\gui\guis\menu\Gui_scene_menu0_start.cpp">
      <Filter>소스 파일</Filter>
    </ClCompile>
    <ClCompile Include="src\ch\client\gui\guis\etc\Gui_test.cpp">
      <Filter>소스 파일</Filter>
    </ClCompile>
    <ClCompile Include="src\ch\client\gui\FittablePosition.cpp">
      <Filter>소스 파일</Filter>
    </ClCompile>
    <ClCompile Include="src\ch\client\gui\Gui.cpp">
      <Filter>소스 파일</Filter>
    </ClCompile>
    <ClCompile Include="src\ch\client\render\SceneRenderer.cpp">
      <Filter>소스 파일</Filter>
    </ClCompile>
    <ClCompile Include="src\ch\client\render\TextureLoader.cpp">
      <Filter>소스 파일</Filter>
    </ClCompile>
    <ClCompile Include="src\ch\client\render\WorldRenderer.cpp">
      <Filter>소스 파일</Filter>
    </ClCompile>
    <ClCompile Include="src\ch\game_struct\GameEventHander.cpp">
      <Filter>소스 파일</Filter>
    </ClCompile>
    <ClCompile Include="src\ch\game_struct\SceneEventHandler.cpp">
      <Filter>소스 파일</Filter>
    </ClCompile>
    <ClCompile Include="src\ch\game_struct\SceneUpdater.cpp">
      <Filter>소스 파일</Filter>
    </ClCompile>
    <ClCompile Include="src\ch\game_struct\WorldEventHandler.cpp">
      <Filter>소스 파일</Filter>
    </ClCompile>
    <ClCompile Include="src\ch\scene\scenes\Scene_menu0_start.cpp">
      <Filter>소스 파일</Filter>
    </ClCompile>
    <ClCompile Include="src\ch\scene\scenes\Scene_test.cpp">
      <Filter>소스 파일</Filter>
    </ClCompile>
    <ClCompile Include="src\ch\scene\Scene.cpp">
      <Filter>소스 파일</Filter>
    </ClCompile>
    <ClCompile Include="src\ch\world\World.cpp">
      <Filter>소스 파일</Filter>
    </ClCompile>
    <ClCompile Include="src\ch\main\Game.cpp">
      <Filter>소스 파일</Filter>
    </ClCompile>
    <ClCompile Include="src\ch\main\GameLauncher.cpp">
      <Filter>소스 파일</Filter>
    </ClCompile>
    <ClCompile Include="src\PowderGame.cpp">
      <Filter>소스 파일</Filter>
    </ClCompile>
    <ClCompile Include="src\ch\client\gui\gui_component\GuiComp_TextHolder.cpp">
      <Filter>소스 파일</Filter>
    </ClCompile>
    <ClCompile Include="src\ch\client\gui\guis\menu\Gui_scene_menu0_newgame1.cpp">
      <Filter>소스 파일</Filter>
    </ClCompile>
    <ClCompile Include="src\ch\client\gui\guis\etc\Gui_Etc_Error_Basic.cpp">
      <Filter>소스 파일</Filter>
    </ClCompile>
    <ClCompile Include="src\game_features\tile\Tile.cpp">
      <Filter>소스 파일</Filter>
    </ClCompile>
    <ClCompile Include="src\ch\scene\scenes\Scene_PowderGame.cpp">
      <Filter>소스 파일</Filter>
    </ClCompile>
    <ClCompile Include="src\ch\client\gui\guis\ingame\Gui_gameoverlay_toolbar.cpp">
      <Filter>소스 파일</Filter>
    </ClCompile>
    <ClCompile Include="src\ch\client\gui\guis\ingame\Gui_ingame_quitworld.cpp">
      <Filter>소스 파일</Filter>
    </ClCompile>
    <ClCompile Include="src\ch\client\gui\gui_component\GuiComp_Sprite.cpp">
      <Filter>소스 파일</Filter>
    </ClCompile>
  </ItemGroup>
  <ItemGroup>
    <ClInclude Include="src\ch\scene\Scene.h">
      <Filter>헤더 파일</Filter>
    </ClInclude>
    <ClInclude Include="src\ch\client\gui\gui_component\GuiComp.h">
      <Filter>헤더 파일</Filter>
    </ClInclude>
    <ClInclude Include="src\ch\client\gui\gui_component\GuiComp_Background.h">
      <Filter>헤더 파일</Filter>
    </ClInclude>
    <ClInclude Include="src\ch\client\gui\gui_component\GuiComp_Bar.h">
      <Filter>헤더 파일</Filter>
    </ClInclude>
    <ClInclude Include="src\ch\client\gui\gui_component\GuiComp_Button.h">
      <Filter>헤더 파일</Filter>
    </ClInclude>
    <ClInclude Include="src\ch\client\gui\gui_component\GuiComp_MoveBar.h">
      <Filter>헤더 파일</Filter>
    </ClInclude>
    <ClInclude Include="src\ch\client\gui\gui_component\GuiComp_Text.h">
      <Filter>헤더 파일</Filter>
    </ClInclude>
    <ClInclude Include="src\ch\client\gui\gui_component\GuiComp_Textbox.h">
      <Filter>헤더 파일</Filter>
    </ClInclude>
    <ClInclude Include="src\ch\client\gui\gui_component\GuiComp_TextHolder.h">
      <Filter>헤더 파일</Filter>
    </ClInclude>
    <ClInclude Include="src\ch\client\gui\guis\menu\Gui_scene_menu0_info.h">
      <Filter>헤더 파일</Filter>
    </ClInclude>
    <ClInclude Include="src\ch\client\gui\guis\menu\Gui_scene_menu0_option.h">
      <Filter>헤더 파일</Filter>
    </ClInclude>
    <ClInclude Include="src\ch\client\gui\guis\menu\Gui_scene_menu0_start.h">
      <Filter>헤더 파일</Filter>
    </ClInclude>
    <ClInclude Include="src\ch\client\gui\guis\etc\Gui_test.h">
      <Filter>헤더 파일</Filter>
    </ClInclude>
    <ClInclude Include="src\ch\client\gui\FittablePosition.h">
      <Filter>헤더 파일</Filter>
    </ClInclude>
    <ClInclude Include="src\ch\client\gui\Gui.h">
      <Filter>헤더 파일</Filter>
    </ClInclude>
    <ClInclude Include="src\ch\client\render\RenderStates.h">
      <Filter>헤더 파일</Filter>
    </ClInclude>
    <ClInclude Include="src\ch\client\render\SceneRenderer.h">
      <Filter>헤더 파일</Filter>
    </ClInclude>
    <ClInclude Include="src\ch\client\render\TextureLoader.h">
      <Filter>헤더 파일</Filter>
    </ClInclude>
    <ClInclude Include="src\ch\client\render\WorldRenderer.h">
      <Filter>헤더 파일</Filter>
    </ClInclude>
    <ClInclude Include="src\ch\client\EnumFonts.h">
      <Filter>헤더 파일</Filter>
    </ClInclude>
    <ClInclude Include="src\ch\game_struct\GameEventHander.h">
      <Filter>헤더 파일</Filter>
    </ClInclude>
    <ClInclude Include="src\ch\game_struct\SceneEventHandler.h">
      <Filter>헤더 파일</Filter>
    </ClInclude>
    <ClInclude Include="src\ch\game_struct\SceneUpdater.h">
      <Filter>헤더 파일</Filter>
    </ClInclude>
    <ClInclude Include="src\ch\game_struct\WorldEventHandler.h">
      <Filter>헤더 파일</Filter>
    </ClInclude>
    <ClInclude Include="src\ch\scene\scenes\Scene_menu0_start.h">
      <Filter>헤더 파일</Filter>
    </ClInclude>
    <ClInclude Include="src\ch\scene\scenes\Scene_test.h">
      <Filter>헤더 파일</Filter>
    </ClInclude>
    <ClInclude Include="src\ch\utils\AABB.h">
      <Filter>헤더 파일</Filter>
    </ClInclude>
    <ClInclude Include="src\ch\utils\EnumActionResult.h">
      <Filter>헤더 파일</Filter>
    </ClInclude>
    <ClInclude Include="src\ch\utils\EnumGui3State.h">
      <Filter>헤더 파일</Filter>
    </ClInclude>
    <ClInclude Include="src\ch\utils\EnumSides.h">
      <Filter>헤더 파일</Filter>
    </ClInclude>
    <ClInclude Include="src\ch\utils\SinUnsin_Int.h">
      <Filter>헤더 파일</Filter>
    </ClInclude>
    <ClInclude Include="src\ch\world\World.h">
      <Filter>헤더 파일</Filter>
    </ClInclude>
    <ClInclude Include="resource.h">
      <Filter>헤더 파일</Filter>
    </ClInclude>
    <ClInclude Include="src\ch\main\Game.h">
      <Filter>헤더 파일</Filter>
    </ClInclude>
    <ClInclude Include="src\ch\main\GameLauncher.h">
      <Filter>헤더 파일</Filter>
    </ClInclude>
    <ClInclude Include="src\ch\main\GameOptions.h">
      <Filter>헤더 파일</Filter>
    </ClInclude>
    <ClInclude Include="src\ch\main\Reference.h">
      <Filter>헤더 파일</Filter>
    </ClInclude>
    <ClInclude Include="src\ch\client\gui\guis\menu\Gui_scene_menu0_newgame1.h">
      <Filter>헤더 파일</Filter>
    </ClInclude>
    <ClInclude Include="src\ch\client\gui\guis\etc\Gui_Etc_Error_Basic.h">
      <Filter>헤더 파일</Filter>
    </ClInclude>
    <ClInclude Include="src\game_features\tile\Tile.h">
      <Filter>헤더 파일</Filter>
    </ClInclude>
    <ClInclude Include="src\ch\scene\scenes\Scene_PowderGame.h">
      <Filter>헤더 파일</Filter>
    </ClInclude>
    <ClInclude Include="src\ch\client\gui\guis\ingame\Gui_gameoverlay_toolbar.h">
      <Filter>헤더 파일</Filter>
    </ClInclude>
    <ClInclude Include="src\ch\client\gui\guis\ingame\Gui_ingame_quitworld.h">
      <Filter>헤더 파일</Filter>
    </ClInclude>
    <ClInclude Include="src\ch\client\gui\gui_component\GuiComp_Sprite.h">
      <Filter>헤더 파일</Filter>
    </ClInclude>
  </ItemGroup>
  <ItemGroup>
    <ResourceCompile Include="PowderGame.rc">
      <Filter>리소스 파일</Filter>
    </ResourceCompile>
  </ItemGroup>
  <ItemGroup>
    <None Include="RCa10132" />
    <None Include="RCb10132" />
  </ItemGroup>
</Project>